
Microsoft Visual Studio Solution File, Format Version 12.00
# Visual Studio Version 17
VisualStudioVersion = 17.14.36109.1
MinimumVisualStudioVersion = 10.0.40219.1
Project("{FAE04EC0-301F-11D3-BF4B-00C04F79EFBC}") = "POS", "POS\POS.csproj", "{AC441EA2-416F-439F-8BBF-9EFAE6D9D398}"
EndProject
Global
	GlobalSection(SolutionConfigurationPlatforms) = preSolution
		Debug|Any CPU = Debug|Any CPU
		Release|Any CPU = Release|Any CPU
	EndGlobalSection
	GlobalSection(ProjectConfigurationPlatforms) = postSolution
		{AC441EA2-416F-439F-8BBF-9EFAE6D9D398}.Debug|Any CPU.ActiveCfg = Debug|Any CPU
		{AC441EA2-416F-439F-8BBF-9EFAE6D9D398}.Debug|Any CPU.Build.0 = Debug|Any CPU
		{AC441EA2-416F-439F-8BBF-9EFAE6D9D398}.Release|Any CPU.ActiveCfg = Release|Any CPU
		{AC441EA2-416F-439F-8BBF-9EFAE6D9D398}.Release|Any CPU.Build.0 = Release|Any CPU
	EndGlobalSection
	GlobalSection(SolutionProperties) = preSolution
		HideSolutionNode = FALSE
	EndGlobalSection
	GlobalSection(ExtensibilityGlobals) = postSolution
		SolutionGuid = {E8C38460-0BEC-44FF-A485-E119B7E44275}
	EndGlobalSection
EndGlobal
